
Microsoft Visual Studio Solution File, Format Version 12.00
# Visual Studio 15
VisualStudioVersion = 15.0.28307.168
MinimumVisualStudioVersion = 10.0.40219.1
Project("{FAE04EC0-301F-11D3-BF4B-00C04F79EFBC}") = "AngularCircleCITest", "AngularCircleCITest\AngularCircleCITest.csproj", "{7B3CAF91-7310-40F7-BA30-C71A00D44461}"
EndProject
Global
	GlobalSection(SolutionConfigurationPlatforms) = preSolution
		Debug|Any CPU = Debug|Any CPU
		Release|Any CPU = Release|Any CPU
	EndGlobalSection
	GlobalSection(ProjectConfigurationPlatforms) = postSolution
		{7B3CAF91-7310-40F7-BA30-C71A00D44461}.Debug|Any CPU.ActiveCfg = Debug|Any CPU
		{7B3CAF91-7310-40F7-BA30-C71A00D44461}.Debug|Any CPU.Build.0 = Debug|Any CPU
		{7B3CAF91-7310-40F7-BA30-C71A00D44461}.Release|Any CPU.ActiveCfg = Release|Any CPU
		{7B3CAF91-7310-40F7-BA30-C71A00D44461}.Release|Any CPU.Build.0 = Release|Any CPU
	EndGlobalSection
	GlobalSection(SolutionProperties) = preSolution
		HideSolutionNode = FALSE
	EndGlobalSection
	GlobalSection(ExtensibilityGlobals) = postSolution
		SolutionGuid = {4736C473-F4DB-4A12-B2FE-283C44A65A6D}
	EndGlobalSection
EndGlobal
